
Microsoft Visual Studio Solution File, Format Version 12.00
# Visual Studio 15
VisualStudioVersion = 15.0.27428.1
MinimumVisualStudioVersion = 10.0.40219.1
Project("{8BC9CEB8-8B4A-11D0-8D11-00A0C91BC942}") = "Photon", "Photon.vcxproj", "{6F0E8EC0-D68B-4927-A26A-1021736EA6E2}"
EndProject
Global
	GlobalSection(SolutionConfigurationPlatforms) = preSolution
		Debug|x64 = Debug|x64
		Debug|x86 = Debug|x86
		Release|x64 = Release|x64
		Release|x86 = Release|x86
	EndGlobalSection
	GlobalSection(ProjectConfigurationPlatforms) = postSolution
		{6F0E8EC0-D68B-4927-A26A-1021736EA6E2}.Debug|x64.ActiveCfg = Debug|x64
		{6F0E8EC0-D68B-4927-A26A-1021736EA6E2}.Debug|x64.Build.0 = Debug|x64
		{6F0E8EC0-D68B-4927-A26A-1021736EA6E2}.Debug|x86.ActiveCfg = Debug|Win32
		{6F0E8EC0-D68B-4927-A26A-1021736EA6E2}.Debug|x86.Build.0 = Debug|Win32
		{6F0E8EC0-D68B-4927-A26A-1021736EA6E2}.Release|x64.ActiveCfg = Release|x64
		{6F0E8EC0-D68B-4927-A26A-1021736EA6E2}.Release|x64.Build.0 = Release|x64
		{6F0E8EC0-D68B-4927-A26A-1021736EA6E2}.Release|x86.ActiveCfg = Release|Win32
		{6F0E8EC0-D68B-4927-A26A-1021736EA6E2}.Release|x86.Build.0 = Release|Win32
	EndGlobalSection
	GlobalSection(SolutionProperties) = preSolution
		HideSolutionNode = FALSE
	EndGlobalSection
	GlobalSection(ExtensibilityGlobals) = postSolution
		SolutionGuid = {C269274C-925A-40CF-B7A6-BD835F552AEA}
	EndGlobalSection
EndGlobal
